
Microsoft Visual Studio Solution File, Format Version 12.00
# Visual Studio Version 17
VisualStudioVersion = 17.8.34330.188
MinimumVisualStudioVersion = 10.0.40219.1
Project("{FAE04EC0-301F-11D3-BF4B-00C04F79EFBC}") = "DotNet8WebAPI", "DotNet8WebAPI\DotNet8WebAPI.csproj", "{A6B38DF4-01E8-493E-A2C1-AE7C1520E032}"
EndProject
Global
	GlobalSection(SolutionConfigurationPlatforms) = preSolution
		Debug|Any CPU = Debug|Any CPU
		Release|Any CPU = Release|Any CPU
	EndGlobalSection
	GlobalSection(ProjectConfigurationPlatforms) = postSolution
		{A6B38DF4-01E8-493E-A2C1-AE7C1520E032}.Debug|Any CPU.ActiveCfg = Debug|Any CPU
		{A6B38DF4-01E8-493E-A2C1-AE7C1520E032}.Debug|Any CPU.Build.0 = Debug|Any CPU
		{A6B38DF4-01E8-493E-A2C1-AE7C1520E032}.Release|Any CPU.ActiveCfg = Release|Any CPU
		{A6B38DF4-01E8-493E-A2C1-AE7C1520E032}.Release|Any CPU.Build.0 = Release|Any CPU
	EndGlobalSection
	GlobalSection(SolutionProperties) = preSolution
		HideSolutionNode = FALSE
	EndGlobalSection
	GlobalSection(ExtensibilityGlobals) = postSolution
		SolutionGuid = {874102CD-1C63-48EC-A970-399BB66433DD}
	EndGlobalSection
EndGlobal
